
Microsoft Visual Studio Solution File, Format Version 12.00
# Visual Studio Version 17
VisualStudioVersion = 17.3.32804.467
MinimumVisualStudioVersion = 10.0.40219.1
Project("{FAE04EC0-301F-11D3-BF4B-00C04F79EFBC}") = "Inheritance", "Inheritance\Inheritance.csproj", "{86B4C07E-DDD4-4E11-86EA-0BEE000F29A0}"
EndProject
Project("{2150E333-8FDC-42A3-9474-1A3956D46DE8}") = "Solution Items", "Solution Items", "{3F0900FA-E32F-42BD-A2E7-F7142F39700F}"
EndProject
Global
	GlobalSection(SolutionConfigurationPlatforms) = preSolution
		Debug|Any CPU = Debug|Any CPU
		Release|Any CPU = Release|Any CPU
	EndGlobalSection
	GlobalSection(ProjectConfigurationPlatforms) = postSolution
		{86B4C07E-DDD4-4E11-86EA-0BEE000F29A0}.Debug|Any CPU.ActiveCfg = Debug|Any CPU
		{86B4C07E-DDD4-4E11-86EA-0BEE000F29A0}.Debug|Any CPU.Build.0 = Debug|Any CPU
		{86B4C07E-DDD4-4E11-86EA-0BEE000F29A0}.Release|Any CPU.ActiveCfg = Release|Any CPU
		{86B4C07E-DDD4-4E11-86EA-0BEE000F29A0}.Release|Any CPU.Build.0 = Release|Any CPU
	EndGlobalSection
	GlobalSection(SolutionProperties) = preSolution
		HideSolutionNode = FALSE
	EndGlobalSection
	GlobalSection(ExtensibilityGlobals) = postSolution
		SolutionGuid = {0C3233E8-4BB0-4730-943A-EF1411F97635}
	EndGlobalSection
EndGlobal
